
Microsoft Visual Studio Solution File, Format Version 12.00
# Visual Studio Version 17
VisualStudioVersion = 17.8.34525.116
MinimumVisualStudioVersion = 10.0.40219.1
Project("{9A19103F-16F7-4668-BE54-9A1E7A4F7556}") = "MemeSource", "MemeSource\MemeSource.csproj", "{903C14B6-BC65-4ABA-8B3C-B55F77F1B620}"
	ProjectSection(ProjectDependencies) = postProject
		{5755553D-2214-4DF2-999E-C811C16F086B} = {5755553D-2214-4DF2-999E-C811C16F086B}
		{81BAB47C-2538-4F56-8995-90F803D87643} = {81BAB47C-2538-4F56-8995-90F803D87643}
	EndProjectSection
EndProject
Project("{FAE04EC0-301F-11D3-BF4B-00C04F79EFBC}") = "MemeSource.DAL", "MemeSource.DAL\MemeSource.DAL.csproj", "{5755553D-2214-4DF2-999E-C811C16F086B}"
	ProjectSection(ProjectDependencies) = postProject
		{81BAB47C-2538-4F56-8995-90F803D87643} = {81BAB47C-2538-4F56-8995-90F803D87643}
	EndProjectSection
EndProject
Project("{FAE04EC0-301F-11D3-BF4B-00C04F79EFBC}") = "MemeSource.Model", "MemeSource.Model\MemeSource.Model.csproj", "{81BAB47C-2538-4F56-8995-90F803D87643}"
EndProject
Global
	GlobalSection(SolutionConfigurationPlatforms) = preSolution
		Debug|Any CPU = Debug|Any CPU
		Release|Any CPU = Release|Any CPU
	EndGlobalSection
	GlobalSection(ProjectConfigurationPlatforms) = postSolution
		{903C14B6-BC65-4ABA-8B3C-B55F77F1B620}.Debug|Any CPU.ActiveCfg = Debug|Any CPU
		{903C14B6-BC65-4ABA-8B3C-B55F77F1B620}.Debug|Any CPU.Build.0 = Debug|Any CPU
		{903C14B6-BC65-4ABA-8B3C-B55F77F1B620}.Release|Any CPU.ActiveCfg = Release|Any CPU
		{903C14B6-BC65-4ABA-8B3C-B55F77F1B620}.Release|Any CPU.Build.0 = Release|Any CPU
		{5755553D-2214-4DF2-999E-C811C16F086B}.Debug|Any CPU.ActiveCfg = Debug|Any CPU
		{5755553D-2214-4DF2-999E-C811C16F086B}.Debug|Any CPU.Build.0 = Debug|Any CPU
		{5755553D-2214-4DF2-999E-C811C16F086B}.Release|Any CPU.ActiveCfg = Release|Any CPU
		{5755553D-2214-4DF2-999E-C811C16F086B}.Release|Any CPU.Build.0 = Release|Any CPU
		{81BAB47C-2538-4F56-8995-90F803D87643}.Debug|Any CPU.ActiveCfg = Debug|Any CPU
		{81BAB47C-2538-4F56-8995-90F803D87643}.Debug|Any CPU.Build.0 = Debug|Any CPU
		{81BAB47C-2538-4F56-8995-90F803D87643}.Release|Any CPU.ActiveCfg = Release|Any CPU
		{81BAB47C-2538-4F56-8995-90F803D87643}.Release|Any CPU.Build.0 = Release|Any CPU
	EndGlobalSection
	GlobalSection(SolutionProperties) = preSolution
		HideSolutionNode = FALSE
	EndGlobalSection
	GlobalSection(ExtensibilityGlobals) = postSolution
		SolutionGuid = {C51B66EC-528C-4509-AFB1-AEBCB51B0A5A}
	EndGlobalSection
EndGlobal
